PODS:
  - Masonry (1.1.0)
  - Reveal-SDK (14)
  - SDWebImage (4.3.3):
    - SDWebImage/Core (= 4.3.3)
  - SDWebImage/Core (4.3.3)
  - "UIColor+Hex (1.0.1)":
    - "UIColor+Hex/NSColor (= 1.0.1)"
    - "UIColor+Hex/UIColor (= 1.0.1)"
  - "UIColor+Hex/UIColor (1.0.1)"

DEPENDENCIES:
  - Masonry (~> 1.1.0)
  - Reveal-SDK
  - SDWebImage (= 4.3.3)
  - "UIColor+Hex (= 1.0.1)"

SPEC REPOS:
  https://github.com/CocoaPods/Specs.git:
    - Masonry
    - Reveal-SDK
    - SDWebImage
    - "UIColor+Hex"

SPEC CHECKSUMS:
  Masonry: 678fab65091a9290e40e2832a55e7ab731aad201
  Reveal-SDK: 55b5c5545233b680c2f8da734f202acc15d422b7
  SDWebImage: de4d90b5bff3571eae7bd16202b1f43135409fa5
  "UIColor+Hex": 9fee91bb8e19f17dd40a79ae1e98949a6a84489d

PODFILE CHECKSUM: 3e13c1b696ba0f8d8b3fa107bd7dceb009bc0e0a

COCOAPODS: 1.5.0
