PODS:
  - Masonry (1.1.0)
  - Reveal-SDK (13)
  - SDWebImage (3.8.2):
    - SDWebImage/Core (= 3.8.2)
  - SDWebImage/Core (3.8.2)
  - "UIColor+Hex (1.0.1)":
    - "UIColor+Hex/NSColor (= 1.0.1)"
    - "UIColor+Hex/UIColor (= 1.0.1)"
  - "UIColor+Hex/UIColor (1.0.1)"

DEPENDENCIES:
  - Masonry (~> 1.1.0)
  - Reveal-SDK
  - SDWebImage (= 3.8.2)
  - "UIColor+Hex (= 1.0.1)"

SPEC REPOS:
  https://github.com/CocoaPods/Specs.git:
    - Masonry
    - Reveal-SDK
    - SDWebImage
    - "UIColor+Hex"

SPEC CHECKSUMS:
  Masonry: 678fab65091a9290e40e2832a55e7ab731aad201
  Reveal-SDK: ccc2b0f8014965ea448b7534a7c2c8da232b75e8
  SDWebImage: 098e97e6176540799c27e804c96653ee0833d13c
  "UIColor+Hex": 9fee91bb8e19f17dd40a79ae1e98949a6a84489d

PODFILE CHECKSUM: 34a6ac0e38262cf3dce4cabb7fd3a1226d88dd89

COCOAPODS: 1.5.0
